github.com/shirou/gopsutil/v4 v4.26.5 h1:RPcBXkpz7kOj9PqGFQOlBPZHsyaPvPVQc098y9RmCNM=
github.com/shirou/gopsutil/v4 v4.26.5/go.mod h1:LZ6ewCSkBqUpvSOf+LsTGnRinC6iaNUNMGBtDkJBaLQ=
golang.org/x/sys v0.46.0 h1:noSf2Fq6F8DBgS+LysIkx7rIExoNHJsxOAtPp4rthXw=
golang.org/x/sys v0.46.0/go.mod h1:4GL1E5IUh+htKOUEOaiffhrAeqysfVGipDYzABqnCmw=
